// !$*UTF8*$!
{
	archiveVersion = 1;
	classes = {
	};
	objectVersion = 46;
	objects = {

/* Begin PBXBuildFile section */
		FE95AE061D4C93490025650C /* main.m in Sources */ = {isa = PBXBuildFile; fileRef = FE95AE051D4C93490025650C /* main.m */; };
		FE95AE091D4C93490025650C /* AppDelegate.m in Sources */ = {isa = PBXBuildFile; fileRef = FE95AE081D4C93490025650C /* AppDelegate.m */; };
		FE95AE0C1D4C93490025650C /* ViewController.m in Sources */ = {isa = PBXBuildFile; fileRef = FE95AE0B1D4C93490025650C /* ViewController.m */; };
		FE95AE0F1D4C93490025650C /* Main.storyboard in Resources */ = {isa = PBXBuildFile; fileRef = FE95AE0D1D4C93490025650C /* Main.storyboard */; };
		FE95AE111D4C93490025650C /* Assets.xcassets in Resources */ = {isa = PBXBuildFile; fileRef = FE95AE101D4C93490025650C /* Assets.xcassets */; };
		FE95AE141D4C93490025650C /* LaunchScreen.storyboard in Resources */ = {isa = PBXBuildFile; fileRef = FE95AE121D4C93490025650C /* LaunchScreen.storyboard */; };
/* End PBXBuildFile section */

/* Begin PBXFileReference section */
		FE95AE011D4C93480025650C /* umengDemo.app */ = {isa = PBXFileReference; explicitFileType = wrapper.application; includeInIndex = 0; path = umengDemo.app; sourceTree = BUILT_PRODUCTS_DIR; };
		FE95AE051D4C93490025650C /* main.m */ = {isa = PBXFileReference; lastKnownFileType = sourcecode.c.objc; path = main.m; sourceTree = "<group>"; };
		FE95AE071D4C93490025650C /* AppDelegate.h */ = {isa = PBXFileReference; lastKnownFileType = sourcecode.c.h; path = AppDelegate.h; sourceTree = "<group>"; };
		FE95AE081D4C93490025650C /* AppDelegate.m */ = {isa = PBXFileReference; lastKnownFileType = sourcecode.c.objc; path = AppDelegate.m; sourceTree = "<group>"; };
		FE95AE0A1D4C93490025650C /* ViewController.h */ = {isa = PBXFileReference; lastKnownFileType = sourcecode.c.h; path = ViewController.h; sourceTree = "<group>"; };
		FE95AE0B1D4C93490025650C /* ViewController.m */ = {isa = PBXFileReference; lastKnownFileType = sourcecode.c.objc; path = ViewController.m; sourceTree = "<group>"; };
		FE95AE0E1D4C93490025650C /* Base */ = {isa = PBXFileReference; lastKnownFileType = file.storyboard; name = Base; path = Base.lproj/Main.storyboard; sourceTree = "<group>"; };
		FE95AE101D4C93490025650C /* Assets.xcassets */ = {isa = PBXFileReference; lastKnownFileType = folder.assetcatalog; path = Assets.xcassets; sourceTree = "<group>"; };
		FE95AE131D4C93490025650C /* Base */ = {isa = PBXFileReference; lastKnownFileType = file.storyboard; name = Base; path = Base.lproj/LaunchScreen.storyboard; sourceTree = "<group>"; };
		FE95AE151D4C93490025650C /* Info.plist */ = {isa = PBXFileReference; lastKnownFileType = text.plist.xml; path = Info.plist; sourceTree = "<group>"; };
/* End PBXFileReference section */

/* Begin PBXFrameworksBuildPhase section */
		FE95ADFE1D4C93480025650C /* Frameworks */ = {
			isa = PBXFrameworksBuildPhase;
			buildActionMask = 2147483647;
			files = (
			);
			runOnlyForDeploymentPostprocessing = 0;
		};
/* End PBXFrameworksBuildPhase section */

/* Begin PBXGroup section */
		FE95ADF81D4C93480025650C = {
			isa = PBXGroup;
			children = (
				FE95AE031D4C93490025650C /* umengDemo */,
				FE95AE021D4C93480025650C /* Products */,
			);
			sourceTree = "<group>";
		};
		FE95AE021D4C93480025650C /* Products */ = {
			isa = PBXGroup;
			children = (
				FE95AE011D4C93480025650C /* umengDemo.app */,
			);
			name = Products;
			sourceTree = "<group>";
		};
		FE95AE031D4C93490025650C /* umengDemo */ = {
			isa = PBXGroup;
			children = (
				FE95AE071D4C93490025650C /* AppDelegate.h */,
				FE95AE081D4C93490025650C /* AppDelegate.m */,
				FE95AE0A1D4C93490025650C /* ViewController.h */,
				FE95AE0B1D4C93490025650C /* ViewController.m */,
				FE95AE0D1D4C93490025650C /* Main.storyboard */,
				FE95AE101D4C93490025650C /* Assets.xcassets */,
				FE95AE121D4C93490025650C /* LaunchScreen.storyboard */,
				FE95AE151D4C93490025650C /* Info.plist */,
				FE95AE041D4C93490025650C /* Supporting Files */,
			);
			path = umengDemo;
			sourceTree = "<group>";
		};
		FE95AE041D4C93490025650C /* Supporting Files */ = {
			isa = PBXGroup;
			children = (
				FE95AE051D4C93490025650C /* main.m */,
			);
			name = "Supporting Files";
			sourceTree = "<group>";
		};
/* End PBXGroup section */

/* Begin PBXNativeTarget section */
		FE95AE001D4C93480025650C /* umengDemo */ = {
			isa = PBXNativeTarget;
			buildConfigurationList = FE95AE181D4C93490025650C /* Build configuration list for PBXNativeTarget "umengDemo" */;
			buildPhases = (
				FE95ADFD1D4C93480025650C /* Sources */,
				FE95ADFE1D4C93480025650C /* Frameworks */,
				FE95ADFF1D4C93480025650C /* Resources */,
			);
			buildRules = (
			);
			dependencies = (
			);
			name = umengDemo;
			productName = umengDemo;
			productReference = FE95AE011D4C93480025650C /* umengDemo.app */;
			productType = "com.apple.product-type.application";
		};
/* End PBXNativeTarget section */

/* Begin PBXProject section */
		FE95ADF91D4C93480025650C /* Project object */ = {
			isa = PBXProject;
			attributes = {
				LastUpgradeCheck = 0720;
				ORGANIZATIONNAME = wanglong;
				TargetAttributes = {
					FE95AE001D4C93480025650C = {
						CreatedOnToolsVersion = 7.2.1;
						DevelopmentTeam = PE8RT9TWB9;
					};
				};
			};
			buildConfigurationList = FE95ADFC1D4C93480025650C /* Build configuration list for PBXProject "umengDemo" */;
			compatibilityVersion = "Xcode 3.2";
			developmentRegion = English;
			hasScannedForEncodings = 0;
			knownRegions = (
				en,
				Base,
			);
			mainGroup = FE95ADF81D4C93480025650C;
			productRefGroup = FE95AE021D4C93480025650C /* Products */;
			projectDirPath = "";
			projectRoot = "";
			targets = (
				FE95AE001D4C93480025650C /* umengDemo */,
			);
		};
/* End PBXProject section */

/* Begin PBXResourcesBuildPhase section */
		FE95ADFF1D4C93480025650C /* Resources */ = {
			isa = PBXResourcesBuildPhase;
			buildActionMask = 2147483647;
			files = (
				FE95AE141D4C93490025650C /* LaunchScreen.storyboard in Resources */,
				FE95AE111D4C93490025650C /* Assets.xcassets in Resources */,
				FE95AE0F1D4C93490025650C /* Main.storyboard in Resources */,
			);
			runOnlyForDeploymentPostprocessing = 0;
		};
/* End PBXResourcesBuildPhase section */

/* Begin PBXSourcesBuildPhase section */
		FE95ADFD1D4C93480025650C /* Sources */ = {
			isa = PBXSourcesBuildPhase;
			buildActionMask = 2147483647;
			files = (
				FE95AE0C1D4C93490025650C /* ViewController.m in Sources */,
				FE95AE091D4C93490025650C /* AppDelegate.m in Sources */,
				FE95AE061D4C93490025650C /* main.m in Sources */,
			);
			runOnlyForDeploymentPostprocessing = 0;
		};
/* End PBXSourcesBuildPhase section */

/* Begin PBXVariantGroup section */
		FE95AE0D1D4C93490025650C /* Main.storyboard */ = {
			isa = PBXVariantGroup;
			children = (
				FE95AE0E1D4C93490025650C /* Base */,
			);
			name = Main.storyboard;
			sourceTree = "<group>";
		};
		FE95AE121D4C93490025650C /* LaunchScreen.storyboard */ = {
			isa = PBXVariantGroup;
			children = (
				FE95AE131D4C93490025650C /* Base */,
			);
			name = LaunchScreen.storyboard;
			sourceTree = "<group>";
		};
/* End PBXVariantGroup section */

/* Begin XCBuildConfiguration section */
		FE95AE161D4C93490025650C /* Debug */ = {
			isa = XCBuildConfiguration;
			buildSettings = {
				ALWAYS_SEARCH_USER_PATHS = NO;
				CLANG_CXX_LANGUAGE_STANDARD = "gnu++0x";
				CLANG_CXX_LIBRARY = "libc++";
				CLANG_ENABLE_MODULES = YES;
				CLANG_ENABLE_OBJC_ARC = YES;
				CLANG_WARN_BOOL_CONVERSION = YES;
				CLANG_WARN_CONSTANT_CONVERSION = YES;
				CLANG_WARN_DIRECT_OBJC_ISA_USAGE = YES_ERROR;
				CLANG_WARN_EMPTY_BODY = YES;
				CLANG_WARN_ENUM_CONVERSION = YES;
				CLANG_WARN_INT_CONVERSION = YES;
				CLANG_WARN_OBJC_ROOT_CLASS = YES_ERROR;
				CLANG_WARN_UNREACHABLE_CODE = YES;
				CLANG_WARN__DUPLICATE_METHOD_MATCH = YES;
				"CODE_SIGN_IDENTITY[sdk=iphoneos*]" = "iPhone Developer";
				COPY_PHASE_STRIP = NO;
				DEBUG_INFORMATION_FORMAT = dwarf;
				ENABLE_STRICT_OBJC_MSGSEND = YES;
				ENABLE_TESTABILITY = YES;
				GCC_C_LANGUAGE_STANDARD = gnu99;
				GCC_DYNAMIC_NO_PIC = NO;
				GCC_NO_COMMON_BLOCKS = YES;
				GCC_OPTIMIZATION_LEVEL = 0;
				GCC_PREPROCESSOR_DEFINITIONS = (
					"DEBUG=1",
					"$(inherited)",
				);
				GCC_WARN_64_TO_32_BIT_CONVERSION = YES;
				GCC_WARN_ABOUT_RETURN_TYPE = YES_ERROR;
				GCC_WARN_UNDECLARED_SELECTOR = YES;
				GCC_WARN_UNINITIALIZED_AUTOS = YES_AGGRESSIVE;
				GCC_WARN_UNUSED_FUNCTION = YES;
				GCC_WARN_UNUSED_VARIABLE = YES;
				IPHONEOS_DEPLOYMENT_TARGET = 9.2;
				MTL_ENABLE_DEBUG_INFO = YES;
				ONLY_ACTIVE_ARCH = YES;
				SDKROOT = iphoneos;
				TARGETED_DEVICE_FAMILY = 2;
			};
			name = Debug;
		};
		FE95AE171D4C93490025650C /* Release */ = {
			isa = XCBuildConfiguration;
			buildSettings = {
				ALWAYS_SEARCH_USER_PATHS = NO;
				CLANG_CXX_LANGUAGE_STANDARD = "gnu++0x";
				CLANG_CXX_LIBRARY = "libc++";
				CLANG_ENABLE_MODULES = YES;
				CLANG_ENABLE_OBJC_ARC = YES;
				CLANG_WARN_BOOL_CONVERSION = YES;
				CLANG_WARN_CONSTANT_CONVERSION = YES;
				CLANG_WARN_DIRECT_OBJC_ISA_USAGE = YES_ERROR;
				CLANG_WARN_EMPTY_BODY = YES;
				CLANG_WARN_ENUM_CONVERSION = YES;
				CLANG_WARN_INT_CONVERSION = YES;
				CLANG_WARN_OBJC_ROOT_CLASS = YES_ERROR;
				CLANG_WARN_UNREACHABLE_CODE = YES;
				CLANG_WARN__DUPLICATE_METHOD_MATCH = YES;
				"CODE_SIGN_IDENTITY[sdk=iphoneos*]" = "iPhone Developer";
				COPY_PHASE_STRIP = NO;
				DEBUG_INFORMATION_FORMAT = "dwarf-with-dsym";
				ENABLE_NS_ASSERTIONS = NO;
				ENABLE_STRICT_OBJC_MSGSEND = YES;
				GCC_C_LANGUAGE_STANDARD = gnu99;
				GCC_NO_COMMON_BLOCKS = YES;
				GCC_WARN_64_TO_32_BIT_CONVERSION = YES;
				GCC_WARN_ABOUT_RETURN_TYPE = YES_ERROR;
				GCC_WARN_UNDECLARED_SELECTOR = YES;
				GCC_WARN_UNINITIALIZED_AUTOS = YES_AGGRESSIVE;
				GCC_WARN_UNUSED_FUNCTION = YES;
				GCC_WARN_UNUSED_VARIABLE = YES;
				IPHONEOS_DEPLOYMENT_TARGET = 9.2;
				MTL_ENABLE_DEBUG_INFO = NO;
				SDKROOT = iphoneos;
				TARGETED_DEVICE_FAMILY = 2;
				VALIDATE_PRODUCT = YES;
			};
			name = Release;
		};
		FE95AE191D4C93490025650C /* Debug */ = {
			isa = XCBuildConfiguration;
			buildSettings = {
				ASSETCATALOG_COMPILER_APPICON_NAME = AppIcon;
				INFOPLIST_FILE = umengDemo/Info.plist;
				LD_RUNPATH_SEARCH_PATHS = "$(inherited) @executable_path/Frameworks";
				PRODUCT_BUNDLE_IDENTIFIER = com.mineline.umengDemo;
				PRODUCT_NAME = "$(TARGET_NAME)";
				TARGETED_DEVICE_FAMILY = 1;
			};
			name = Debug;
		};
		FE95AE1A1D4C93490025650C /* Release */ = {
			isa = XCBuildConfiguration;
			buildSettings = {
				ASSETCATALOG_COMPILER_APPICON_NAME = AppIcon;
				INFOPLIST_FILE = umengDemo/Info.plist;
				LD_RUNPATH_SEARCH_PATHS = "$(inherited) @executable_path/Frameworks";
				PRODUCT_BUNDLE_IDENTIFIER = com.mineline.umengDemo;
				PRODUCT_NAME = "$(TARGET_NAME)";
				TARGETED_DEVICE_FAMILY = 1;
			};
			name = Release;
		};
/* End XCBuildConfiguration section */

/* Begin XCConfigurationList section */
		FE95ADFC1D4C93480025650C /* Build configuration list for PBXProject "umengDemo" */ = {
			isa = XCConfigurationList;
			buildConfigurations = (
				FE95AE161D4C93490025650C /* Debug */,
				FE95AE171D4C93490025650C /* Release */,
			);
			defaultConfigurationIsVisible = 0;
			defaultConfigurationName = Release;
		};
		FE95AE181D4C93490025650C /* Build configuration list for PBXNativeTarget "umengDemo" */ = {
			isa = XCConfigurationList;
			buildConfigurations = (
				FE95AE191D4C93490025650C /* Debug */,
				FE95AE1A1D4C93490025650C /* Release */,
			);
			defaultConfigurationIsVisible = 0;
		};
/* End XCConfigurationList section */
	};
	rootObject = FE95ADF91D4C93480025650C /* Project object */;
}
